# This file is automatically @generated by Cargo.
# It is not intended for manual editing.
version = 4

[[package]]
name = "devclean"
version = "0.1.0"
dependencies = [
 "local-common",
]

[[package]]
name = "fanout"
version = "0.1.0"
dependencies = [
 "local-common",
]

[[package]]
name = "jwt"
version = "0.1.0"
dependencies = [
 "local-common",
]

[[package]]
name = "local-common"
version = "0.1.0"

[[package]]
name = "portkill"
version = "0.1.0"
dependencies = [
 "local-common",
]

[[package]]
name = "scaffold"
version = "0.1.0"
dependencies = [
 "local-common",
]

[[package]]
name = "webdriver"
version = "0.1.0"
dependencies = [
 "local-common",
]
